
Microsoft Visual Studio Solution File, Format Version 12.00
# Visual Studio Version 17
VisualStudioVersion = 17.7.34031.279
MinimumVisualStudioVersion = 10.0.40219.1
Project("{FAE04EC0-301F-11D3-BF4B-00C04F79EFBC}") = "Tic_Tac_Toe", "Tic_Tac_Toe\Tic_Tac_Toe.csproj", "{F78245D6-B3B7-43A6-96B7-732C30239BAF}"
EndProject
Global
	GlobalSection(SolutionConfigurationPlatforms) = preSolution
		Debug|Any CPU = Debug|Any CPU
		Release|Any CPU = Release|Any CPU
	EndGlobalSection
	GlobalSection(ProjectConfigurationPlatforms) = postSolution
		{F78245D6-B3B7-43A6-96B7-732C30239BAF}.Debug|Any CPU.ActiveCfg = Debug|Any CPU
		{F78245D6-B3B7-43A6-96B7-732C30239BAF}.Debug|Any CPU.Build.0 = Debug|Any CPU
		{F78245D6-B3B7-43A6-96B7-732C30239BAF}.Release|Any CPU.ActiveCfg = Release|Any CPU
		{F78245D6-B3B7-43A6-96B7-732C30239BAF}.Release|Any CPU.Build.0 = Release|Any CPU
	EndGlobalSection
	GlobalSection(SolutionProperties) = preSolution
		HideSolutionNode = FALSE
	EndGlobalSection
	GlobalSection(ExtensibilityGlobals) = postSolution
		SolutionGuid = {CF3BD1C5-4925-4788-AFF9-5BF19770D5E8}
	EndGlobalSection
EndGlobal
